
Microsoft Visual Studio Solution File, Format Version 12.00
Project("{2150E333-8FDC-42A3-9474-1A3956D46DE8}") = "src", "src", "{26069E4B-D702-434A-AC5F-C8E29C6A8C93}"
EndProject
Project("{2150E333-8FDC-42A3-9474-1A3956D46DE8}") = "tests", "tests", "{3B58B36E-37B8-4939-B447-044DBE3E9113}"
EndProject
Project("{FAE04EC0-301F-11D3-BF4B-00C04F79EFBC}") = "Application", "Application\Application.csproj", "{ADC5ED87-B65B-4E99-B82C-699BB45DED9C}"
EndProject
Project("{FAE04EC0-301F-11D3-BF4B-00C04F79EFBC}") = "Domain", "Domain\Domain.csproj", "{01CA0726-E1DD-4FBF-B9EE-EBE1A75FF280}"
EndProject
Project("{FAE04EC0-301F-11D3-BF4B-00C04F79EFBC}") = "Infrastructure", "Infrastructure\Infrastructure.csproj", "{457449D7-A930-472C-B558-85F0D2A0C6EC}"
EndProject
Project("{FAE04EC0-301F-11D3-BF4B-00C04F79EFBC}") = "Web.API", "Web.API\Web.API.csproj", "{D624786F-23C0-4B36-9C99-05F6794680B6}"
EndProject
Project("{FAE04EC0-301F-11D3-BF4B-00C04F79EFBC}") = "Web.API.Client", "Web.API.Client\Web.API.Client.csproj", "{E86415FF-3FA1-4E87-8843-75E868577962}"
EndProject
Project("{FAE04EC0-301F-11D3-BF4B-00C04F79EFBC}") = "Web.API.Contracts", "Web.API.Contracts\Web.API.Contracts.csproj", "{441E2748-225C-462D-9815-D4AF5D0530F9}"
EndProject
Project("{2150E333-8FDC-42A3-9474-1A3956D46DE8}") = "UnitTests", "UnitTests", "{6D2F4DF2-50D2-4D4F-A706-58CBD430D3D8}"
EndProject
Project("{2150E333-8FDC-42A3-9474-1A3956D46DE8}") = "IntegrationTests", "IntegrationTests", "{C4D687F5-4BB0-4355-8EBF-7EB2818437F7}"
EndProject
Project("{2150E333-8FDC-42A3-9474-1A3956D46DE8}") = ".template.config", ".template.config", "{5DD0502A-F67F-441D-A989-E29AF3766B8D}"
	ProjectSection(SolutionItems) = preProject
		template.json = template.json
	EndProjectSection
EndProject
Global
	GlobalSection(SolutionConfigurationPlatforms) = preSolution
		Debug|Any CPU = Debug|Any CPU
		Release|Any CPU = Release|Any CPU
	EndGlobalSection
	GlobalSection(NestedProjects) = preSolution
		{ADC5ED87-B65B-4E99-B82C-699BB45DED9C} = {26069E4B-D702-434A-AC5F-C8E29C6A8C93}
		{01CA0726-E1DD-4FBF-B9EE-EBE1A75FF280} = {26069E4B-D702-434A-AC5F-C8E29C6A8C93}
		{457449D7-A930-472C-B558-85F0D2A0C6EC} = {26069E4B-D702-434A-AC5F-C8E29C6A8C93}
		{D624786F-23C0-4B36-9C99-05F6794680B6} = {26069E4B-D702-434A-AC5F-C8E29C6A8C93}
		{E86415FF-3FA1-4E87-8843-75E868577962} = {26069E4B-D702-434A-AC5F-C8E29C6A8C93}
		{441E2748-225C-462D-9815-D4AF5D0530F9} = {26069E4B-D702-434A-AC5F-C8E29C6A8C93}
		{6D2F4DF2-50D2-4D4F-A706-58CBD430D3D8} = {3B58B36E-37B8-4939-B447-044DBE3E9113}
		{C4D687F5-4BB0-4355-8EBF-7EB2818437F7} = {3B58B36E-37B8-4939-B447-044DBE3E9113}
		{5DD0502A-F67F-441D-A989-E29AF3766B8D} = {26069E4B-D702-434A-AC5F-C8E29C6A8C93}
	EndGlobalSection
	GlobalSection(ProjectConfigurationPlatforms) = postSolution
		{ADC5ED87-B65B-4E99-B82C-699BB45DED9C}.Debug|Any CPU.ActiveCfg = Debug|Any CPU
		{ADC5ED87-B65B-4E99-B82C-699BB45DED9C}.Debug|Any CPU.Build.0 = Debug|Any CPU
		{ADC5ED87-B65B-4E99-B82C-699BB45DED9C}.Release|Any CPU.ActiveCfg = Release|Any CPU
		{ADC5ED87-B65B-4E99-B82C-699BB45DED9C}.Release|Any CPU.Build.0 = Release|Any CPU
		{01CA0726-E1DD-4FBF-B9EE-EBE1A75FF280}.Debug|Any CPU.ActiveCfg = Debug|Any CPU
		{01CA0726-E1DD-4FBF-B9EE-EBE1A75FF280}.Debug|Any CPU.Build.0 = Debug|Any CPU
		{01CA0726-E1DD-4FBF-B9EE-EBE1A75FF280}.Release|Any CPU.ActiveCfg = Release|Any CPU
		{01CA0726-E1DD-4FBF-B9EE-EBE1A75FF280}.Release|Any CPU.Build.0 = Release|Any CPU
		{457449D7-A930-472C-B558-85F0D2A0C6EC}.Debug|Any CPU.ActiveCfg = Debug|Any CPU
		{457449D7-A930-472C-B558-85F0D2A0C6EC}.Debug|Any CPU.Build.0 = Debug|Any CPU
		{457449D7-A930-472C-B558-85F0D2A0C6EC}.Release|Any CPU.ActiveCfg = Release|Any CPU
		{457449D7-A930-472C-B558-85F0D2A0C6EC}.Release|Any CPU.Build.0 = Release|Any CPU
		{D624786F-23C0-4B36-9C99-05F6794680B6}.Debug|Any CPU.ActiveCfg = Debug|Any CPU
		{D624786F-23C0-4B36-9C99-05F6794680B6}.Debug|Any CPU.Build.0 = Debug|Any CPU
		{D624786F-23C0-4B36-9C99-05F6794680B6}.Release|Any CPU.ActiveCfg = Release|Any CPU
		{D624786F-23C0-4B36-9C99-05F6794680B6}.Release|Any CPU.Build.0 = Release|Any CPU
		{E86415FF-3FA1-4E87-8843-75E868577962}.Debug|Any CPU.ActiveCfg = Debug|Any CPU
		{E86415FF-3FA1-4E87-8843-75E868577962}.Debug|Any CPU.Build.0 = Debug|Any CPU
		{E86415FF-3FA1-4E87-8843-75E868577962}.Release|Any CPU.ActiveCfg = Release|Any CPU
		{E86415FF-3FA1-4E87-8843-75E868577962}.Release|Any CPU.Build.0 = Release|Any CPU
		{441E2748-225C-462D-9815-D4AF5D0530F9}.Debug|Any CPU.ActiveCfg = Debug|Any CPU
		{441E2748-225C-462D-9815-D4AF5D0530F9}.Debug|Any CPU.Build.0 = Debug|Any CPU
		{441E2748-225C-462D-9815-D4AF5D0530F9}.Release|Any CPU.ActiveCfg = Release|Any CPU
		{441E2748-225C-462D-9815-D4AF5D0530F9}.Release|Any CPU.Build.0 = Release|Any CPU
	EndGlobalSection
EndGlobal
